// !$*UTF8*$!
{
	archiveVersion = 1;
	classes = {
	};
	objectVersion = 50;
	objects = {

/* Begin PBXBuildFile section */
		450CB78B2112C73300661FAD /* BluetoothDeviceTableViewCell.swift in Sources */ = {isa = PBXBuildFile; fileRef = 450CB78A2112C73300661FAD /* BluetoothDeviceTableViewCell.swift */; };
		450CB78D2112C7F600661FAD /* UUIDKey.swift in Sources */ = {isa = PBXBuildFile; fileRef = 450CB78C2112C7F600661FAD /* UUIDKey.swift */; };
		450CB78F2112C85000661FAD /* BLECentralViewController.swift in Sources */ = {isa = PBXBuildFile; fileRef = 450CB78E2112C85000661FAD /* BLECentralViewController.swift */; };
		454DC41621130D620095FBBC /* ResultsViewController.swift in Sources */ = {isa = PBXBuildFile; fileRef = 454DC41521130D620095FBBC /* ResultsViewController.swift */; };
		45DD01ED211D4E3B001C0BA6 /* Constants.swift in Sources */ = {isa = PBXBuildFile; fileRef = 45DD01EC211D4E3B001C0BA6 /* Constants.swift */; };
		45DD01EF211D4ECF001C0BA6 /* ScanState.swift in Sources */ = {isa = PBXBuildFile; fileRef = 45DD01EE211D4ECF001C0BA6 /* ScanState.swift */; };
		70E01867AA9694A6D50E1732 /* Pods_Audio_Processor.framework in Frameworks */ = {isa = PBXBuildFile; fileRef = 4B38A6274E18B69C44AEB83C /* Pods_Audio_Processor.framework */; };
		C9EDC463210A968300F23F55 /* AppDelegate.swift in Sources */ = {isa = PBXBuildFile; fileRef = C9EDC462210A968300F23F55 /* AppDelegate.swift */; };
		C9EDC465210A968300F23F55 /* ScanViewController.swift in Sources */ = {isa = PBXBuildFile; fileRef = C9EDC464210A968300F23F55 /* ScanViewController.swift */; };
		C9EDC468210A968300F23F55 /* Main.storyboard in Resources */ = {isa = PBXBuildFile; fileRef = C9EDC466210A968300F23F55 /* Main.storyboard */; };
		C9EDC46A210A968700F23F55 /* Assets.xcassets in Resources */ = {isa = PBXBuildFile; fileRef = C9EDC469210A968700F23F55 /* Assets.xcassets */; };
		C9EDC46D210A968700F23F55 /* LaunchScreen.storyboard in Resources */ = {isa = PBXBuildFile; fileRef = C9EDC46B210A968700F23F55 /* LaunchScreen.storyboard */; };
/* End PBXBuildFile section */

/* Begin PBXFileReference section */
		02CC06C450D1797CA511E1A9 /* Pods-Audio Processor.release.xcconfig */ = {isa = PBXFileReference; includeInIndex = 1; lastKnownFileType = text.xcconfig; name = "Pods-Audio Processor.release.xcconfig"; path = "Pods/Target Support Files/Pods-Audio Processor/Pods-Audio Processor.release.xcconfig"; sourceTree = "<group>"; };
		450CB78A2112C73300661FAD /* BluetoothDeviceTableViewCell.swift */ = {isa = PBXFileReference; lastKnownFileType = sourcecode.swift; path = BluetoothDeviceTableViewCell.swift; sourceTree = "<group>"; };
		450CB78C2112C7F600661FAD /* UUIDKey.swift */ = {isa = PBXFileReference; lastKnownFileType = sourcecode.swift; path = UUIDKey.swift; sourceTree = "<group>"; };
		450CB78E2112C85000661FAD /* BLECentralViewController.swift */ = {isa = PBXFileReference; lastKnownFileType = sourcecode.swift; path = BLECentralViewController.swift; sourceTree = "<group>"; };
		454DC41521130D620095FBBC /* ResultsViewController.swift */ = {isa = PBXFileReference; lastKnownFileType = sourcecode.swift; path = ResultsViewController.swift; sourceTree = "<group>"; };
		45DD01EC211D4E3B001C0BA6 /* Constants.swift */ = {isa = PBXFileReference; lastKnownFileType = sourcecode.swift; path = Constants.swift; sourceTree = "<group>"; };
		45DD01EE211D4ECF001C0BA6 /* ScanState.swift */ = {isa = PBXFileReference; lastKnownFileType = sourcecode.swift; path = ScanState.swift; sourceTree = "<group>"; };
		4B38A6274E18B69C44AEB83C /* Pods_Audio_Processor.framework */ = {isa = PBXFileReference; explicitFileType = wrapper.framework; includeInIndex = 0; path = Pods_Audio_Processor.framework; sourceTree = BUILT_PRODUCTS_DIR; };
		C9EDC45F210A968300F23F55 /* Audio Processor.app */ = {isa = PBXFileReference; explicitFileType = wrapper.application; includeInIndex = 0; path = "Audio Processor.app"; sourceTree = BUILT_PRODUCTS_DIR; };
		C9EDC462210A968300F23F55 /* AppDelegate.swift */ = {isa = PBXFileReference; lastKnownFileType = sourcecode.swift; path = AppDelegate.swift; sourceTree = "<group>"; };
		C9EDC464210A968300F23F55 /* ScanViewController.swift */ = {isa = PBXFileReference; lastKnownFileType = sourcecode.swift; path = ScanViewController.swift; sourceTree = "<group>"; };
		C9EDC467210A968300F23F55 /* Base */ = {isa = PBXFileReference; lastKnownFileType = file.storyboard; name = Base; path = Base.lproj/Main.storyboard; sourceTree = "<group>"; };
		C9EDC469210A968700F23F55 /* Assets.xcassets */ = {isa = PBXFileReference; lastKnownFileType = folder.assetcatalog; path = Assets.xcassets; sourceTree = "<group>"; };
		C9EDC46C210A968700F23F55 /* Base */ = {isa = PBXFileReference; lastKnownFileType = file.storyboard; name = Base; path = Base.lproj/LaunchScreen.storyboard; sourceTree = "<group>"; };
		C9EDC46E210A968700F23F55 /* Info.plist */ = {isa = PBXFileReference; lastKnownFileType = text.plist.xml; path = Info.plist; sourceTree = "<group>"; };
		E92DB70DF152B8AB8D4911CF /* Pods-Audio Processor.debug.xcconfig */ = {isa = PBXFileReference; includeInIndex = 1; lastKnownFileType = text.xcconfig; name = "Pods-Audio Processor.debug.xcconfig"; path = "Pods/Target Support Files/Pods-Audio Processor/Pods-Audio Processor.debug.xcconfig"; sourceTree = "<group>"; };
/* End PBXFileReference section */

/* Begin PBXFrameworksBuildPhase section */
		C9EDC45C210A968300F23F55 /* Frameworks */ = {
			isa = PBXFrameworksBuildPhase;
			buildActionMask = 2147483647;
			files = (
				70E01867AA9694A6D50E1732 /* Pods_Audio_Processor.framework in Frameworks */,
			);
			runOnlyForDeploymentPostprocessing = 0;
		};
/* End PBXFrameworksBuildPhase section */

/* Begin PBXGroup section */
		452BA4DE211C4ADE00778CA7 /* view controllers */ = {
			isa = PBXGroup;
			children = (
				450CB78E2112C85000661FAD /* BLECentralViewController.swift */,
				454DC41521130D620095FBBC /* ResultsViewController.swift */,
				C9EDC464210A968300F23F55 /* ScanViewController.swift */,
			);
			path = "view controllers";
			sourceTree = "<group>";
		};
		A8E65E7D323792FEAEE9CF25 /* Pods */ = {
			isa = PBXGroup;
			children = (
				E92DB70DF152B8AB8D4911CF /* Pods-Audio Processor.debug.xcconfig */,
				02CC06C450D1797CA511E1A9 /* Pods-Audio Processor.release.xcconfig */,
			);
			name = Pods;
			sourceTree = "<group>";
		};
		C9EDC456210A968200F23F55 = {
			isa = PBXGroup;
			children = (
				C9EDC461210A968300F23F55 /* Fractal */,
				C9EDC460210A968300F23F55 /* Products */,
				A8E65E7D323792FEAEE9CF25 /* Pods */,
				F2DA834F246604FA9233CCEE /* Frameworks */,
			);
			sourceTree = "<group>";
		};
		C9EDC460210A968300F23F55 /* Products */ = {
			isa = PBXGroup;
			children = (
				C9EDC45F210A968300F23F55 /* Audio Processor.app */,
			);
			name = Products;
			sourceTree = "<group>";
		};
		C9EDC461210A968300F23F55 /* Fractal */ = {
			isa = PBXGroup;
			children = (
				C9EDC462210A968300F23F55 /* AppDelegate.swift */,
				450CB78A2112C73300661FAD /* BluetoothDeviceTableViewCell.swift */,
				45DD01EC211D4E3B001C0BA6 /* Constants.swift */,
				45DD01EE211D4ECF001C0BA6 /* ScanState.swift */,
				452BA4DE211C4ADE00778CA7 /* view controllers */,
				C9EDC466210A968300F23F55 /* Main.storyboard */,
				450CB78C2112C7F600661FAD /* UUIDKey.swift */,
				C9EDC469210A968700F23F55 /* Assets.xcassets */,
				C9EDC46B210A968700F23F55 /* LaunchScreen.storyboard */,
				C9EDC46E210A968700F23F55 /* Info.plist */,
			);
			path = Fractal;
			sourceTree = "<group>";
		};
		F2DA834F246604FA9233CCEE /* Frameworks */ = {
			isa = PBXGroup;
			children = (
				4B38A6274E18B69C44AEB83C /* Pods_Audio_Processor.framework */,
			);
			name = Frameworks;
			sourceTree = "<group>";
		};
/* End PBXGroup section */

/* Begin PBXNativeTarget section */
		C9EDC45E210A968300F23F55 /* Audio Processor */ = {
			isa = PBXNativeTarget;
			buildConfigurationList = C9EDC471210A968700F23F55 /* Build configuration list for PBXNativeTarget "Audio Processor" */;
			buildPhases = (
				DF5D3D19B270D54A57A1A49B /* [CP] Check Pods Manifest.lock */,
				C9EDC45B210A968300F23F55 /* Sources */,
				C9EDC45C210A968300F23F55 /* Frameworks */,
				C9EDC45D210A968300F23F55 /* Resources */,
				9A8291A999CA6B6A77258FB3 /* [CP] Embed Pods Frameworks */,
			);
			buildRules = (
			);
			dependencies = (
			);
			name = "Audio Processor";
			productName = "Audio Processor";
			productReference = C9EDC45F210A968300F23F55 /* Audio Processor.app */;
			productType = "com.apple.product-type.application";
		};
/* End PBXNativeTarget section */

/* Begin PBXProject section */
		C9EDC457210A968200F23F55 /* Project object */ = {
			isa = PBXProject;
			attributes = {
				LastSwiftUpdateCheck = 0940;
				LastUpgradeCheck = 0940;
				ORGANIZATIONNAME = "Matthew Jeng";
				TargetAttributes = {
					C9EDC45E210A968300F23F55 = {
						CreatedOnToolsVersion = 9.4.1;
					};
				};
			};
			buildConfigurationList = C9EDC45A210A968200F23F55 /* Build configuration list for PBXProject "FractalPhone" */;
			compatibilityVersion = "Xcode 9.3";
			developmentRegion = en;
			hasScannedForEncodings = 0;
			knownRegions = (
				en,
				Base,
			);
			mainGroup = C9EDC456210A968200F23F55;
			productRefGroup = C9EDC460210A968300F23F55 /* Products */;
			projectDirPath = "";
			projectRoot = "";
			targets = (
				C9EDC45E210A968300F23F55 /* Audio Processor */,
			);
		};
/* End PBXProject section */

/* Begin PBXResourcesBuildPhase section */
		C9EDC45D210A968300F23F55 /* Resources */ = {
			isa = PBXResourcesBuildPhase;
			buildActionMask = 2147483647;
			files = (
				C9EDC46D210A968700F23F55 /* LaunchScreen.storyboard in Resources */,
				C9EDC46A210A968700F23F55 /* Assets.xcassets in Resources */,
				C9EDC468210A968300F23F55 /* Main.storyboard in Resources */,
			);
			runOnlyForDeploymentPostprocessing = 0;
		};
/* End PBXResourcesBuildPhase section */

/* Begin PBXShellScriptBuildPhase section */
		9A8291A999CA6B6A77258FB3 /* [CP] Embed Pods Frameworks */ = {
			isa = PBXShellScriptBuildPhase;
			buildActionMask = 2147483647;
			files = (
			);
			inputPaths = (
				"${SRCROOT}/Pods/Target Support Files/Pods-Audio Processor/Pods-Audio Processor-frameworks.sh",
				"${BUILT_PRODUCTS_DIR}/Alamofire/Alamofire.framework",
			);
			name = "[CP] Embed Pods Frameworks";
			outputPaths = (
				"${TARGET_BUILD_DIR}/${FRAMEWORKS_FOLDER_PATH}/Alamofire.framework",
			);
			runOnlyForDeploymentPostprocessing = 0;
			shellPath = /bin/sh;
			shellScript = "\"${SRCROOT}/Pods/Target Support Files/Pods-Audio Processor/Pods-Audio Processor-frameworks.sh\"\n";
			showEnvVarsInLog = 0;
		};
		DF5D3D19B270D54A57A1A49B /* [CP] Check Pods Manifest.lock */ = {
			isa = PBXShellScriptBuildPhase;
			buildActionMask = 2147483647;
			files = (
			);
			inputPaths = (
				"${PODS_PODFILE_DIR_PATH}/Podfile.lock",
				"${PODS_ROOT}/Manifest.lock",
			);
			name = "[CP] Check Pods Manifest.lock";
			outputPaths = (
				"$(DERIVED_FILE_DIR)/Pods-Audio Processor-checkManifestLockResult.txt",
			);
			runOnlyForDeploymentPostprocessing = 0;
			shellPath = /bin/sh;
			shellScript = "diff \"${PODS_PODFILE_DIR_PATH}/Podfile.lock\" \"${PODS_ROOT}/Manifest.lock\" > /dev/null\nif [ $? != 0 ] ; then\n    # print error to STDERR\n    echo \"error: The sandbox is not in sync with the Podfile.lock. Run 'pod install' or update your CocoaPods installation.\" >&2\n    exit 1\nfi\n# This output is used by Xcode 'outputs' to avoid re-running this script phase.\necho \"SUCCESS\" > \"${SCRIPT_OUTPUT_FILE_0}\"\n";
			showEnvVarsInLog = 0;
		};
/* End PBXShellScriptBuildPhase section */

/* Begin PBXSourcesBuildPhase section */
		C9EDC45B210A968300F23F55 /* Sources */ = {
			isa = PBXSourcesBuildPhase;
			buildActionMask = 2147483647;
			files = (
				45DD01EF211D4ECF001C0BA6 /* ScanState.swift in Sources */,
				450CB78D2112C7F600661FAD /* UUIDKey.swift in Sources */,
				450CB78F2112C85000661FAD /* BLECentralViewController.swift in Sources */,
				450CB78B2112C73300661FAD /* BluetoothDeviceTableViewCell.swift in Sources */,
				C9EDC465210A968300F23F55 /* ScanViewController.swift in Sources */,
				45DD01ED211D4E3B001C0BA6 /* Constants.swift in Sources */,
				C9EDC463210A968300F23F55 /* AppDelegate.swift in Sources */,
				454DC41621130D620095FBBC /* ResultsViewController.swift in Sources */,
			);
			runOnlyForDeploymentPostprocessing = 0;
		};
/* End PBXSourcesBuildPhase section */

/* Begin PBXVariantGroup section */
		C9EDC466210A968300F23F55 /* Main.storyboard */ = {
			isa = PBXVariantGroup;
			children = (
				C9EDC467210A968300F23F55 /* Base */,
			);
			name = Main.storyboard;
			sourceTree = "<group>";
		};
		C9EDC46B210A968700F23F55 /* LaunchScreen.storyboard */ = {
			isa = PBXVariantGroup;
			children = (
				C9EDC46C210A968700F23F55 /* Base */,
			);
			name = LaunchScreen.storyboard;
			sourceTree = "<group>";
		};
/* End PBXVariantGroup section */

/* Begin XCBuildConfiguration section */
		C9EDC46F210A968700F23F55 /* Debug */ = {
			isa = XCBuildConfiguration;
			buildSettings = {
				ALWAYS_SEARCH_USER_PATHS = NO;
				CLANG_ANALYZER_NONNULL = YES;
				CLANG_ANALYZER_NUMBER_OBJECT_CONVERSION = YES_AGGRESSIVE;
				CLANG_CXX_LANGUAGE_STANDARD = "gnu++14";
				CLANG_CXX_LIBRARY = "libc++";
				CLANG_ENABLE_MODULES = YES;
				CLANG_ENABLE_OBJC_ARC = YES;
				CLANG_ENABLE_OBJC_WEAK = YES;
				CLANG_WARN_BLOCK_CAPTURE_AUTORELEASING = YES;
				CLANG_WARN_BOOL_CONVERSION = YES;
				CLANG_WARN_COMMA = YES;
				CLANG_WARN_CONSTANT_CONVERSION = YES;
				CLANG_WARN_DEPRECATED_OBJC_IMPLEMENTATIONS = YES;
				CLANG_WARN_DIRECT_OBJC_ISA_USAGE = YES_ERROR;
				CLANG_WARN_DOCUMENTATION_COMMENTS = YES;
				CLANG_WARN_EMPTY_BODY = YES;
				CLANG_WARN_ENUM_CONVERSION = YES;
				CLANG_WARN_INFINITE_RECURSION = YES;
				CLANG_WARN_INT_CONVERSION = YES;
				CLANG_WARN_NON_LITERAL_NULL_CONVERSION = YES;
				CLANG_WARN_OBJC_IMPLICIT_RETAIN_SELF = YES;
				CLANG_WARN_OBJC_LITERAL_CONVERSION = YES;
				CLANG_WARN_OBJC_ROOT_CLASS = YES_ERROR;
				CLANG_WARN_RANGE_LOOP_ANALYSIS = YES;
				CLANG_WARN_STRICT_PROTOTYPES = YES;
				CLANG_WARN_SUSPICIOUS_MOVE = YES;
				CLANG_WARN_UNGUARDED_AVAILABILITY = YES_AGGRESSIVE;
				CLANG_WARN_UNREACHABLE_CODE = YES;
				CLANG_WARN__DUPLICATE_METHOD_MATCH = YES;
				CODE_SIGN_IDENTITY = "iPhone Developer";
				COPY_PHASE_STRIP = NO;
				DEBUG_INFORMATION_FORMAT = dwarf;
				ENABLE_STRICT_OBJC_MSGSEND = YES;
				ENABLE_TESTABILITY = YES;
				GCC_C_LANGUAGE_STANDARD = gnu11;
				GCC_DYNAMIC_NO_PIC = NO;
				GCC_NO_COMMON_BLOCKS = YES;
				GCC_OPTIMIZATION_LEVEL = 0;
				GCC_PREPROCESSOR_DEFINITIONS = (
					"DEBUG=1",
					"$(inherited)",
				);
				GCC_WARN_64_TO_32_BIT_CONVERSION = YES;
				GCC_WARN_ABOUT_RETURN_TYPE = YES_ERROR;
				GCC_WARN_UNDECLARED_SELECTOR = YES;
				GCC_WARN_UNINITIALIZED_AUTOS = YES_AGGRESSIVE;
				GCC_WARN_UNUSED_FUNCTION = YES;
				GCC_WARN_UNUSED_VARIABLE = YES;
				IPHONEOS_DEPLOYMENT_TARGET = 11.4;
				MTL_ENABLE_DEBUG_INFO = YES;
				ONLY_ACTIVE_ARCH = YES;
				SDKROOT = iphoneos;
				SWIFT_ACTIVE_COMPILATION_CONDITIONS = DEBUG;
				SWIFT_OPTIMIZATION_LEVEL = "-Onone";
			};
			name = Debug;
		};
		C9EDC470210A968700F23F55 /* Release */ = {
			isa = XCBuildConfiguration;
			buildSettings = {
				ALWAYS_SEARCH_USER_PATHS = NO;
				CLANG_ANALYZER_NONNULL = YES;
				CLANG_ANALYZER_NUMBER_OBJECT_CONVERSION = YES_AGGRESSIVE;
				CLANG_CXX_LANGUAGE_STANDARD = "gnu++14";
				CLANG_CXX_LIBRARY = "libc++";
				CLANG_ENABLE_MODULES = YES;
				CLANG_ENABLE_OBJC_ARC = YES;
				CLANG_ENABLE_OBJC_WEAK = YES;
				CLANG_WARN_BLOCK_CAPTURE_AUTORELEASING = YES;
				CLANG_WARN_BOOL_CONVERSION = YES;
				CLANG_WARN_COMMA = YES;
				CLANG_WARN_CONSTANT_CONVERSION = YES;
				CLANG_WARN_DEPRECATED_OBJC_IMPLEMENTATIONS = YES;
				CLANG_WARN_DIRECT_OBJC_ISA_USAGE = YES_ERROR;
				CLANG_WARN_DOCUMENTATION_COMMENTS = YES;
				CLANG_WARN_EMPTY_BODY = YES;
				CLANG_WARN_ENUM_CONVERSION = YES;
				CLANG_WARN_INFINITE_RECURSION = YES;
				CLANG_WARN_INT_CONVERSION = YES;
				CLANG_WARN_NON_LITERAL_NULL_CONVERSION = YES;
				CLANG_WARN_OBJC_IMPLICIT_RETAIN_SELF = YES;
				CLANG_WARN_OBJC_LITERAL_CONVERSION = YES;
				CLANG_WARN_OBJC_ROOT_CLASS = YES_ERROR;
				CLANG_WARN_RANGE_LOOP_ANALYSIS = YES;
				CLANG_WARN_STRICT_PROTOTYPES = YES;
				CLANG_WARN_SUSPICIOUS_MOVE = YES;
				CLANG_WARN_UNGUARDED_AVAILABILITY = YES_AGGRESSIVE;
				CLANG_WARN_UNREACHABLE_CODE = YES;
				CLANG_WARN__DUPLICATE_METHOD_MATCH = YES;
				CODE_SIGN_IDENTITY = "iPhone Developer";
				COPY_PHASE_STRIP = NO;
				DEBUG_INFORMATION_FORMAT = "dwarf-with-dsym";
				ENABLE_NS_ASSERTIONS = NO;
				ENABLE_STRICT_OBJC_MSGSEND = YES;
				GCC_C_LANGUAGE_STANDARD = gnu11;
				GCC_NO_COMMON_BLOCKS = YES;
				GCC_WARN_64_TO_32_BIT_CONVERSION = YES;
				GCC_WARN_ABOUT_RETURN_TYPE = YES_ERROR;
				GCC_WARN_UNDECLARED_SELECTOR = YES;
				GCC_WARN_UNINITIALIZED_AUTOS = YES_AGGRESSIVE;
				GCC_WARN_UNUSED_FUNCTION = YES;
				GCC_WARN_UNUSED_VARIABLE = YES;
				IPHONEOS_DEPLOYMENT_TARGET = 11.4;
				MTL_ENABLE_DEBUG_INFO = NO;
				SDKROOT = iphoneos;
				SWIFT_COMPILATION_MODE = wholemodule;
				SWIFT_OPTIMIZATION_LEVEL = "-O";
				VALIDATE_PRODUCT = YES;
			};
			name = Release;
		};
		C9EDC472210A968700F23F55 /* Debug */ = {
			isa = XCBuildConfiguration;
			baseConfigurationReference = E92DB70DF152B8AB8D4911CF /* Pods-Audio Processor.debug.xcconfig */;
			buildSettings = {
				ASSETCATALOG_COMPILER_APPICON_NAME = AppIcon;
				CODE_SIGN_STYLE = Automatic;
				DEVELOPMENT_TEAM = 3U64XAH92J;
				INFOPLIST_FILE = "$(SRCROOT)/Fractal/Info.plist";
				IPHONEOS_DEPLOYMENT_TARGET = 11.0;
				LD_RUNPATH_SEARCH_PATHS = (
					"$(inherited)",
					"@executable_path/Frameworks",
				);
				PRODUCT_BUNDLE_IDENTIFIER = "idd.Audio-Processor";
				PRODUCT_NAME = "$(TARGET_NAME)";
				SWIFT_VERSION = 4.0;
				TARGETED_DEVICE_FAMILY = "1,2";
			};
			name = Debug;
		};
		C9EDC473210A968700F23F55 /* Release */ = {
			isa = XCBuildConfiguration;
			baseConfigurationReference = 02CC06C450D1797CA511E1A9 /* Pods-Audio Processor.release.xcconfig */;
			buildSettings = {
				ASSETCATALOG_COMPILER_APPICON_NAME = AppIcon;
				CODE_SIGN_STYLE = Automatic;
				DEVELOPMENT_TEAM = 3U64XAH92J;
				INFOPLIST_FILE = "$(SRCROOT)/Fractal/Info.plist";
				IPHONEOS_DEPLOYMENT_TARGET = 11.0;
				LD_RUNPATH_SEARCH_PATHS = (
					"$(inherited)",
					"@executable_path/Frameworks",
				);
				PRODUCT_BUNDLE_IDENTIFIER = "idd.Audio-Processor";
				PRODUCT_NAME = "$(TARGET_NAME)";
				SWIFT_VERSION = 4.0;
				TARGETED_DEVICE_FAMILY = "1,2";
			};
			name = Release;
		};
/* End XCBuildConfiguration section */

/* Begin XCConfigurationList section */
		C9EDC45A210A968200F23F55 /* Build configuration list for PBXProject "FractalPhone" */ = {
			isa = XCConfigurationList;
			buildConfigurations = (
				C9EDC46F210A968700F23F55 /* Debug */,
				C9EDC470210A968700F23F55 /* Release */,
			);
			defaultConfigurationIsVisible = 0;
			defaultConfigurationName = Release;
		};
		C9EDC471210A968700F23F55 /* Build configuration list for PBXNativeTarget "Audio Processor" */ = {
			isa = XCConfigurationList;
			buildConfigurations = (
				C9EDC472210A968700F23F55 /* Debug */,
				C9EDC473210A968700F23F55 /* Release */,
			);
			defaultConfigurationIsVisible = 0;
			defaultConfigurationName = Release;
		};
/* End XCConfigurationList section */
	};
	rootObject = C9EDC457210A968200F23F55 /* Project object */;
}
